
Microsoft Visual Studio Solution File, Format Version 12.00
# Visual Studio Version 17
VisualStudioVersion = 17.1.32210.238
MinimumVisualStudioVersion = 10.0.40219.1
Project("{FAE04EC0-301F-11D3-BF4B-00C04F79EFBC}") = "Abel K uppgift 2.13", "Abel K uppgift 2.13\Abel K uppgift 2.13.csproj", "{89001351-1A30-46A9-8A88-633214CBF329}"
EndProject
Global
	GlobalSection(SolutionConfigurationPlatforms) = preSolution
		Debug|Any CPU = Debug|Any CPU
		Release|Any CPU = Release|Any CPU
	EndGlobalSection
	GlobalSection(ProjectConfigurationPlatforms) = postSolution
		{89001351-1A30-46A9-8A88-633214CBF329}.Debug|Any CPU.ActiveCfg = Debug|Any CPU
		{89001351-1A30-46A9-8A88-633214CBF329}.Debug|Any CPU.Build.0 = Debug|Any CPU
		{89001351-1A30-46A9-8A88-633214CBF329}.Release|Any CPU.ActiveCfg = Release|Any CPU
		{89001351-1A30-46A9-8A88-633214CBF329}.Release|Any CPU.Build.0 = Release|Any CPU
	EndGlobalSection
	GlobalSection(SolutionProperties) = preSolution
		HideSolutionNode = FALSE
	EndGlobalSection
	GlobalSection(ExtensibilityGlobals) = postSolution
		SolutionGuid = {98688CCA-A85B-46BC-86D1-8546CB537AA3}
	EndGlobalSection
EndGlobal
